
Microsoft Visual Studio Solution File, Format Version 12.00
# Visual Studio 15
VisualStudioVersion = 15.0.27703.2042
MinimumVisualStudioVersion = 10.0.40219.1
Project("{FAE04EC0-301F-11D3-BF4B-00C04F79EFBC}") = "CantinaDoTioWell", "CantinaDoTioWell\CantinaDoTioWell.csproj", "{273945DD-F225-44A3-8E85-FC54A18EC725}"
EndProject
Global
	GlobalSection(SolutionConfigurationPlatforms) = preSolution
		Debug|Any CPU = Debug|Any CPU
		Release|Any CPU = Release|Any CPU
	EndGlobalSection
	GlobalSection(ProjectConfigurationPlatforms) = postSolution
		{273945DD-F225-44A3-8E85-FC54A18EC725}.Debug|Any CPU.ActiveCfg = Debug|Any CPU
		{273945DD-F225-44A3-8E85-FC54A18EC725}.Debug|Any CPU.Build.0 = Debug|Any CPU
		{273945DD-F225-44A3-8E85-FC54A18EC725}.Release|Any CPU.ActiveCfg = Release|Any CPU
		{273945DD-F225-44A3-8E85-FC54A18EC725}.Release|Any CPU.Build.0 = Release|Any CPU
	EndGlobalSection
	GlobalSection(SolutionProperties) = preSolution
		HideSolutionNode = FALSE
	EndGlobalSection
	GlobalSection(ExtensibilityGlobals) = postSolution
		SolutionGuid = {3EE5230F-EBC3-481B-B21F-F3945E0F9113}
	EndGlobalSection
EndGlobal
